
Microsoft Visual Studio Solution File, Format Version 12.00
# Visual Studio Version 17
VisualStudioVersion = 17.9.34622.214
MinimumVisualStudioVersion = 10.0.40219.1
Project("{FAE04EC0-301F-11D3-BF4B-00C04F79EFBC}") = "11.03", "11.03.csproj", "{6A6AF21C-5B20-41D3-895C-E5C69542CFF9}"
EndProject
Global
	GlobalSection(SolutionConfigurationPlatforms) = preSolution
		Debug|Any CPU = Debug|Any CPU
		Release|Any CPU = Release|Any CPU
	EndGlobalSection
	GlobalSection(ProjectConfigurationPlatforms) = postSolution
		{6A6AF21C-5B20-41D3-895C-E5C69542CFF9}.Debug|Any CPU.ActiveCfg = Debug|Any CPU
		{6A6AF21C-5B20-41D3-895C-E5C69542CFF9}.Debug|Any CPU.Build.0 = Debug|Any CPU
		{6A6AF21C-5B20-41D3-895C-E5C69542CFF9}.Release|Any CPU.ActiveCfg = Release|Any CPU
		{6A6AF21C-5B20-41D3-895C-E5C69542CFF9}.Release|Any CPU.Build.0 = Release|Any CPU
	EndGlobalSection
	GlobalSection(SolutionProperties) = preSolution
		HideSolutionNode = FALSE
	EndGlobalSection
	GlobalSection(ExtensibilityGlobals) = postSolution
		SolutionGuid = {764B3FEB-4AEA-4E3D-B101-E66AF0DE88DF}
	EndGlobalSection
EndGlobal
