
Microsoft Visual Studio Solution File, Format Version 12.00
# Visual Studio Version 17
VisualStudioVersion = 17.8.34525.116
MinimumVisualStudioVersion = 10.0.40219.1
Project("{FAE04EC0-301F-11D3-BF4B-00C04F79EFBC}") = "19.02", "19.02.csproj", "{658B2F40-0A1E-4C0D-83A0-617D80F2D714}"
EndProject
Project("{FAE04EC0-301F-11D3-BF4B-00C04F79EFBC}") = "Zad", "..\Zad\Zad.csproj", "{7D5C04B5-7BF5-4A3B-A744-AFA443AED3AA}"
EndProject
Global
	GlobalSection(SolutionConfigurationPlatforms) = preSolution
		Debug|Any CPU = Debug|Any CPU
		Release|Any CPU = Release|Any CPU
	EndGlobalSection
	GlobalSection(ProjectConfigurationPlatforms) = postSolution
		{658B2F40-0A1E-4C0D-83A0-617D80F2D714}.Debug|Any CPU.ActiveCfg = Debug|Any CPU
		{658B2F40-0A1E-4C0D-83A0-617D80F2D714}.Debug|Any CPU.Build.0 = Debug|Any CPU
		{658B2F40-0A1E-4C0D-83A0-617D80F2D714}.Release|Any CPU.ActiveCfg = Release|Any CPU
		{658B2F40-0A1E-4C0D-83A0-617D80F2D714}.Release|Any CPU.Build.0 = Release|Any CPU
		{7D5C04B5-7BF5-4A3B-A744-AFA443AED3AA}.Debug|Any CPU.ActiveCfg = Debug|Any CPU
		{7D5C04B5-7BF5-4A3B-A744-AFA443AED3AA}.Debug|Any CPU.Build.0 = Debug|Any CPU
		{7D5C04B5-7BF5-4A3B-A744-AFA443AED3AA}.Release|Any CPU.ActiveCfg = Release|Any CPU
		{7D5C04B5-7BF5-4A3B-A744-AFA443AED3AA}.Release|Any CPU.Build.0 = Release|Any CPU
	EndGlobalSection
	GlobalSection(SolutionProperties) = preSolution
		HideSolutionNode = FALSE
	EndGlobalSection
	GlobalSection(ExtensibilityGlobals) = postSolution
		SolutionGuid = {59DF6B26-3049-46AA-BD9C-62D673A29CE9}
	EndGlobalSection
EndGlobal
