
Microsoft Visual Studio Solution File, Format Version 12.00
# Visual Studio Version 17
VisualStudioVersion = 17.8.34525.116
MinimumVisualStudioVersion = 10.0.40219.1
Project("{FAE04EC0-301F-11D3-BF4B-00C04F79EFBC}") = "12.02", "12.02\12.02.csproj", "{768240F4-6746-4D42-8DBB-A4185E8B07CF}"
EndProject
Global
	GlobalSection(SolutionConfigurationPlatforms) = preSolution
		Debug|Any CPU = Debug|Any CPU
		Release|Any CPU = Release|Any CPU
	EndGlobalSection
	GlobalSection(ProjectConfigurationPlatforms) = postSolution
		{768240F4-6746-4D42-8DBB-A4185E8B07CF}.Debug|Any CPU.ActiveCfg = Debug|Any CPU
		{768240F4-6746-4D42-8DBB-A4185E8B07CF}.Debug|Any CPU.Build.0 = Debug|Any CPU
		{768240F4-6746-4D42-8DBB-A4185E8B07CF}.Release|Any CPU.ActiveCfg = Release|Any CPU
		{768240F4-6746-4D42-8DBB-A4185E8B07CF}.Release|Any CPU.Build.0 = Release|Any CPU
	EndGlobalSection
	GlobalSection(SolutionProperties) = preSolution
		HideSolutionNode = FALSE
	EndGlobalSection
	GlobalSection(ExtensibilityGlobals) = postSolution
		SolutionGuid = {72E6E154-DCB7-4C56-89D3-ECE1A745208C}
	EndGlobalSection
EndGlobal
